<?xml version="1.0" encoding="utf-8"?>
<Project ToolsVersion="4.0" xmlns="http://schemas.microsoft.com/developer/msbuild/2003">
  <ItemGroup>
    <Filter Include="资源文件">
      <UniqueIdentifier>{67DA6AB6-F800-4c08-8B7A-83BB121AAD01}</UniqueIdentifier>
      <Extensions>rc;ico;cur;bmp;dlg;rc2;rct;bin;rgs;gif;jpg;jpeg;jpe;resx;tiff;tif;png;wav;mfcribbon-ms</Extensions>
    </Filter>
    <Filter Include="头文件">
      <UniqueIdentifier>{aebf7f0d-c03b-43f8-9bd0-5e208aa40fd4}</UniqueIdentifier>
    </Filter>
    <Filter Include="源文件">
      <UniqueIdentifier>{55072d58-3354-4f45-8804-5891c0bf8619}</UniqueIdentifier>
    </Filter>
  </ItemGroup>
  <ItemGroup>
    <ClInclude Include="our_gl.h">
      <Filter>头文件</Filter>
    </ClInclude>
    <ClInclude Include="geometry.h">
      <Filter>头文件</Filter>
    </ClInclude>
    <ClInclude Include="model.h">
      <Filter>头文件</Filter>
    </ClInclude>
    <ClInclude Include="tgaimage.h">
      <Filter>头文件</Filter>
    </ClInclude>
  </ItemGroup>
  <ItemGroup>
    <ClCompile Include="tgaimage.cpp">
      <Filter>源文件</Filter>
    </ClCompile>
    <ClCompile Include="model.cpp">
      <Filter>源文件</Filter>
    </ClCompile>
    <ClCompile Include="main.cpp">
      <Filter>源文件</Filter>
    </ClCompile>
    <ClCompile Include="geometry.cpp">
      <Filter>源文件</Filter>
    </ClCompile>
    <ClCompile Include="our_gl.cpp">
      <Filter>源文件</Filter>
    </ClCompile>
  </ItemGroup>
</Project>